// !$*UTF8*$!
{
	archiveVersion = 1;
	classes = {
	};
	objectVersion = 51;
	objects = {

/* Begin PBXBuildFile section */
		042CFE2F25F1620700F7CBED /* AppDelegate.swift in Sources */ = {isa = PBXBuildFile; fileRef = 042CFE2E25F1620700F7CBED /* AppDelegate.swift */; };
		042CFE3125F1620700F7CBED /* SceneDelegate.swift in Sources */ = {isa = PBXBuildFile; fileRef = 042CFE3025F1620700F7CBED /* SceneDelegate.swift */; };
		042CFE3325F1620700F7CBED /* ViewController.swift in Sources */ = {isa = PBXBuildFile; fileRef = 042CFE3225F1620700F7CBED /* ViewController.swift */; };
		042CFE3625F1620700F7CBED /* Main.storyboard in Resources */ = {isa = PBXBuildFile; fileRef = 042CFE3425F1620700F7CBED /* Main.storyboard */; };
		042CFE3825F1620800F7CBED /* Assets.xcassets in Resources */ = {isa = PBXBuildFile; fileRef = 042CFE3725F1620800F7CBED /* Assets.xcassets */; };
		042CFE3B25F1620800F7CBED /* LaunchScreen.storyboard in Resources */ = {isa = PBXBuildFile; fileRef = 042CFE3925F1620800F7CBED /* LaunchScreen.storyboard */; };
		CC37C3E614B9A13360A771A0 /* Pods_IdentityExample.framework in Frameworks */ = {isa = PBXBuildFile; fileRef = 3C1D8B47E050ED9F7C270006 /* Pods_IdentityExample.framework */; };
/* End PBXBuildFile section */

/* Begin PBXFileReference section */
		042CFE2B25F1620700F7CBED /* IdentityExample.app */ = {isa = PBXFileReference; explicitFileType = wrapper.application; includeInIndex = 0; path = IdentityExample.app; sourceTree = BUILT_PRODUCTS_DIR; };
		042CFE2E25F1620700F7CBED /* AppDelegate.swift */ = {isa = PBXFileReference; lastKnownFileType = sourcecode.swift; path = AppDelegate.swift; sourceTree = "<group>"; };
		042CFE3025F1620700F7CBED /* SceneDelegate.swift */ = {isa = PBXFileReference; lastKnownFileType = sourcecode.swift; path = SceneDelegate.swift; sourceTree = "<group>"; };
		042CFE3225F1620700F7CBED /* ViewController.swift */ = {isa = PBXFileReference; lastKnownFileType = sourcecode.swift; path = ViewController.swift; sourceTree = "<group>"; };
		042CFE3525F1620700F7CBED /* Base */ = {isa = PBXFileReference; lastKnownFileType = file.storyboard; name = Base; path = Base.lproj/Main.storyboard; sourceTree = "<group>"; };
		042CFE3725F1620800F7CBED /* Assets.xcassets */ = {isa = PBXFileReference; lastKnownFileType = folder.assetcatalog; path = Assets.xcassets; sourceTree = "<group>"; };
		042CFE3A25F1620800F7CBED /* Base */ = {isa = PBXFileReference; lastKnownFileType = file.storyboard; name = Base; path = Base.lproj/LaunchScreen.storyboard; sourceTree = "<group>"; };
		042CFE3C25F1620800F7CBED /* Info.plist */ = {isa = PBXFileReference; lastKnownFileType = text.plist.xml; path = Info.plist; sourceTree = "<group>"; };
		3C1D8B47E050ED9F7C270006 /* Pods_IdentityExample.framework */ = {isa = PBXFileReference; explicitFileType = wrapper.framework; includeInIndex = 0; path = Pods_IdentityExample.framework; sourceTree = BUILT_PRODUCTS_DIR; };
		531794E5AA2FCA24F367DDE2 /* Pods-IdentityExample.release.xcconfig */ = {isa = PBXFileReference; includeInIndex = 1; lastKnownFileType = text.xcconfig; name = "Pods-IdentityExample.release.xcconfig"; path = "Target Support Files/Pods-IdentityExample/Pods-IdentityExample.release.xcconfig"; sourceTree = "<group>"; };
		C31E70F20FE965EB6D88CBD3 /* Pods-IdentityExample.debug.xcconfig */ = {isa = PBXFileReference; includeInIndex = 1; lastKnownFileType = text.xcconfig; name = "Pods-IdentityExample.debug.xcconfig"; path = "Target Support Files/Pods-IdentityExample/Pods-IdentityExample.debug.xcconfig"; sourceTree = "<group>"; };
/* End PBXFileReference section */

/* Begin PBXFrameworksBuildPhase section */
		042CFE2825F1620700F7CBED /* Frameworks */ = {
			isa = PBXFrameworksBuildPhase;
			buildActionMask = 2147483647;
			files = (
				CC37C3E614B9A13360A771A0 /* Pods_IdentityExample.framework in Frameworks */,
			);
			runOnlyForDeploymentPostprocessing = 0;
		};
/* End PBXFrameworksBuildPhase section */

/* Begin PBXGroup section */
		042CFE2225F1620700F7CBED = {
			isa = PBXGroup;
			children = (
				042CFE2D25F1620700F7CBED /* IdentityExample */,
				042CFE2C25F1620700F7CBED /* Products */,
				0891C72CDF62C4265D34F81E /* Pods */,
				C3D4641CF1A1FE63A156611E /* Frameworks */,
			);
			sourceTree = "<group>";
		};
		042CFE2C25F1620700F7CBED /* Products */ = {
			isa = PBXGroup;
			children = (
				042CFE2B25F1620700F7CBED /* IdentityExample.app */,
			);
			name = Products;
			sourceTree = "<group>";
		};
		042CFE2D25F1620700F7CBED /* IdentityExample */ = {
			isa = PBXGroup;
			children = (
				042CFE2E25F1620700F7CBED /* AppDelegate.swift */,
				042CFE3025F1620700F7CBED /* SceneDelegate.swift */,
				042CFE3225F1620700F7CBED /* ViewController.swift */,
				042CFE3425F1620700F7CBED /* Main.storyboard */,
				042CFE3725F1620800F7CBED /* Assets.xcassets */,
				042CFE3925F1620800F7CBED /* LaunchScreen.storyboard */,
				042CFE3C25F1620800F7CBED /* Info.plist */,
			);
			path = IdentityExample;
			sourceTree = "<group>";
		};
		0891C72CDF62C4265D34F81E /* Pods */ = {
			isa = PBXGroup;
			children = (
				C31E70F20FE965EB6D88CBD3 /* Pods-IdentityExample.debug.xcconfig */,
				531794E5AA2FCA24F367DDE2 /* Pods-IdentityExample.release.xcconfig */,
			);
			path = Pods;
			sourceTree = "<group>";
		};
		C3D4641CF1A1FE63A156611E /* Frameworks */ = {
			isa = PBXGroup;
			children = (
				3C1D8B47E050ED9F7C270006 /* Pods_IdentityExample.framework */,
			);
			name = Frameworks;
			sourceTree = "<group>";
		};
/* End PBXGroup section */

/* Begin PBXNativeTarget section */
		042CFE2A25F1620700F7CBED /* IdentityExample */ = {
			isa = PBXNativeTarget;
			buildConfigurationList = 042CFE3F25F1620800F7CBED /* Build configuration list for PBXNativeTarget "IdentityExample" */;
			buildPhases = (
				383EA074E9CF90E777A725CB /* [CP] Check Pods Manifest.lock */,
				042CFE2725F1620700F7CBED /* Sources */,
				042CFE2825F1620700F7CBED /* Frameworks */,
				042CFE2925F1620700F7CBED /* Resources */,
				CD15DAA6C7CB92FE3DF8B083 /* [CP] Embed Pods Frameworks */,
				D635383ABC99AB8F523C28A8 /* [CP] Copy Pods Resources */,
			);
			buildRules = (
			);
			dependencies = (
			);
			name = IdentityExample;
			productName = IdentityExample;
			productReference = 042CFE2B25F1620700F7CBED /* IdentityExample.app */;
			productType = "com.apple.product-type.application";
		};
/* End PBXNativeTarget section */

/* Begin PBXProject section */
		042CFE2325F1620700F7CBED /* Project object */ = {
			isa = PBXProject;
			attributes = {
				LastSwiftUpdateCheck = 1240;
				LastUpgradeCheck = 1240;
				TargetAttributes = {
					042CFE2A25F1620700F7CBED = {
						CreatedOnToolsVersion = 12.4;
					};
				};
			};
			buildConfigurationList = 042CFE2625F1620700F7CBED /* Build configuration list for PBXProject "IdentityExample" */;
			compatibilityVersion = "Xcode 9.3";
			developmentRegion = en;
			hasScannedForEncodings = 0;
			knownRegions = (
				en,
				Base,
			);
			mainGroup = 042CFE2225F1620700F7CBED;
			productRefGroup = 042CFE2C25F1620700F7CBED /* Products */;
			projectDirPath = "";
			projectRoot = "";
			targets = (
				042CFE2A25F1620700F7CBED /* IdentityExample */,
			);
		};
/* End PBXProject section */

/* Begin PBXResourcesBuildPhase section */
		042CFE2925F1620700F7CBED /* Resources */ = {
			isa = PBXResourcesBuildPhase;
			buildActionMask = 2147483647;
			files = (
				042CFE3B25F1620800F7CBED /* LaunchScreen.storyboard in Resources */,
				042CFE3825F1620800F7CBED /* Assets.xcassets in Resources */,
				042CFE3625F1620700F7CBED /* Main.storyboard in Resources */,
			);
			runOnlyForDeploymentPostprocessing = 0;
		};
/* End PBXResourcesBuildPhase section */

/* Begin PBXShellScriptBuildPhase section */
		383EA074E9CF90E777A725CB /* [CP] Check Pods Manifest.lock */ = {
			isa = PBXShellScriptBuildPhase;
			buildActionMask = 2147483647;
			files = (
			);
			inputFileListPaths = (
			);
			inputPaths = (
				"${PODS_PODFILE_DIR_PATH}/Podfile.lock",
				"${PODS_ROOT}/Manifest.lock",
			);
			name = "[CP] Check Pods Manifest.lock";
			outputFileListPaths = (
			);
			outputPaths = (
				"$(DERIVED_FILE_DIR)/Pods-IdentityExample-checkManifestLockResult.txt",
			);
			runOnlyForDeploymentPostprocessing = 0;
			shellPath = /bin/sh;
			shellScript = "diff \"${PODS_PODFILE_DIR_PATH}/Podfile.lock\" \"${PODS_ROOT}/Manifest.lock\" > /dev/null\nif [ $? != 0 ] ; then\n    # print error to STDERR\n    echo \"error: The sandbox is not in sync with the Podfile.lock. Run 'pod install' or update your CocoaPods installation.\" >&2\n    exit 1\nfi\n# This output is used by Xcode 'outputs' to avoid re-running this script phase.\necho \"SUCCESS\" > \"${SCRIPT_OUTPUT_FILE_0}\"\n";
			showEnvVarsInLog = 0;
		};
		CD15DAA6C7CB92FE3DF8B083 /* [CP] Embed Pods Frameworks */ = {
			isa = PBXShellScriptBuildPhase;
			buildActionMask = 2147483647;
			files = (
			);
			inputFileListPaths = (
				"${PODS_ROOT}/Target Support Files/Pods-IdentityExample/Pods-IdentityExample-frameworks-${CONFIGURATION}-input-files.xcfilelist",
			);
			name = "[CP] Embed Pods Frameworks";
			outputFileListPaths = (
				"${PODS_ROOT}/Target Support Files/Pods-IdentityExample/Pods-IdentityExample-frameworks-${CONFIGURATION}-output-files.xcfilelist",
			);
			runOnlyForDeploymentPostprocessing = 0;
			shellPath = /bin/sh;
			shellScript = "\"${PODS_ROOT}/Target Support Files/Pods-IdentityExample/Pods-IdentityExample-frameworks.sh\"\n";
			showEnvVarsInLog = 0;
		};
		D635383ABC99AB8F523C28A8 /* [CP] Copy Pods Resources */ = {
			isa = PBXShellScriptBuildPhase;
			buildActionMask = 2147483647;
			files = (
			);
			inputFileListPaths = (
				"${PODS_ROOT}/Target Support Files/Pods-IdentityExample/Pods-IdentityExample-resources-${CONFIGURATION}-input-files.xcfilelist",
			);
			name = "[CP] Copy Pods Resources";
			outputFileListPaths = (
				"${PODS_ROOT}/Target Support Files/Pods-IdentityExample/Pods-IdentityExample-resources-${CONFIGURATION}-output-files.xcfilelist",
			);
			runOnlyForDeploymentPostprocessing = 0;
			shellPath = /bin/sh;
			shellScript = "\"${PODS_ROOT}/Target Support Files/Pods-IdentityExample/Pods-IdentityExample-resources.sh\"\n";
			showEnvVarsInLog = 0;
		};
/* End PBXShellScriptBuildPhase section */

/* Begin PBXSourcesBuildPhase section */
		042CFE2725F1620700F7CBED /* Sources */ = {
			isa = PBXSourcesBuildPhase;
			buildActionMask = 2147483647;
			files = (
				042CFE3325F1620700F7CBED /* ViewController.swift in Sources */,
				042CFE2F25F1620700F7CBED /* AppDelegate.swift in Sources */,
				042CFE3125F1620700F7CBED /* SceneDelegate.swift in Sources */,
			);
			runOnlyForDeploymentPostprocessing = 0;
		};
/* End PBXSourcesBuildPhase section */

/* Begin PBXVariantGroup section */
		042CFE3425F1620700F7CBED /* Main.storyboard */ = {
			isa = PBXVariantGroup;
			children = (
				042CFE3525F1620700F7CBED /* Base */,
			);
			name = Main.storyboard;
			sourceTree = "<group>";
		};
		042CFE3925F1620800F7CBED /* LaunchScreen.storyboard */ = {
			isa = PBXVariantGroup;
			children = (
				042CFE3A25F1620800F7CBED /* Base */,
			);
			name = LaunchScreen.storyboard;
			sourceTree = "<group>";
		};
/* End PBXVariantGroup section */

/* Begin XCBuildConfiguration section */
		042CFE3D25F1620800F7CBED /* Debug */ = {
			isa = XCBuildConfiguration;
			buildSettings = {
				ALWAYS_SEARCH_USER_PATHS = NO;
				CLANG_ANALYZER_NONNULL = YES;
				CLANG_ANALYZER_NUMBER_OBJECT_CONVERSION = YES_AGGRESSIVE;
				CLANG_CXX_LANGUAGE_STANDARD = "gnu++14";
				CLANG_CXX_LIBRARY = "libc++";
				CLANG_ENABLE_MODULES = YES;
				CLANG_ENABLE_OBJC_ARC = YES;
				CLANG_ENABLE_OBJC_WEAK = YES;
				CLANG_WARN_BLOCK_CAPTURE_AUTORELEASING = YES;
				CLANG_WARN_BOOL_CONVERSION = YES;
				CLANG_WARN_COMMA = YES;
				CLANG_WARN_CONSTANT_CONVERSION = YES;
				CLANG_WARN_DEPRECATED_OBJC_IMPLEMENTATIONS = YES;
				CLANG_WARN_DIRECT_OBJC_ISA_USAGE = YES_ERROR;
				CLANG_WARN_DOCUMENTATION_COMMENTS = YES;
				CLANG_WARN_EMPTY_BODY = YES;
				CLANG_WARN_ENUM_CONVERSION = YES;
				CLANG_WARN_INFINITE_RECURSION = YES;
				CLANG_WARN_INT_CONVERSION = YES;
				CLANG_WARN_NON_LITERAL_NULL_CONVERSION = YES;
				CLANG_WARN_OBJC_IMPLICIT_RETAIN_SELF = YES;
				CLANG_WARN_OBJC_LITERAL_CONVERSION = YES;
				CLANG_WARN_OBJC_ROOT_CLASS = YES_ERROR;
				CLANG_WARN_QUOTED_INCLUDE_IN_FRAMEWORK_HEADER = YES;
				CLANG_WARN_RANGE_LOOP_ANALYSIS = YES;
				CLANG_WARN_STRICT_PROTOTYPES = YES;
				CLANG_WARN_SUSPICIOUS_MOVE = YES;
				CLANG_WARN_UNGUARDED_AVAILABILITY = YES_AGGRESSIVE;
				CLANG_WARN_UNREACHABLE_CODE = YES;
				CLANG_WARN__DUPLICATE_METHOD_MATCH = YES;
				COPY_PHASE_STRIP = NO;
				DEBUG_INFORMATION_FORMAT = dwarf;
				ENABLE_STRICT_OBJC_MSGSEND = YES;
				ENABLE_TESTABILITY = YES;
				GCC_C_LANGUAGE_STANDARD = gnu11;
				GCC_DYNAMIC_NO_PIC = NO;
				GCC_NO_COMMON_BLOCKS = YES;
				GCC_OPTIMIZATION_LEVEL = 0;
				GCC_PREPROCESSOR_DEFINITIONS = (
					"DEBUG=1",
					"$(inherited)",
				);
				GCC_WARN_64_TO_32_BIT_CONVERSION = YES;
				GCC_WARN_ABOUT_RETURN_TYPE = YES_ERROR;
				GCC_WARN_UNDECLARED_SELECTOR = YES;
				GCC_WARN_UNINITIALIZED_AUTOS = YES_AGGRESSIVE;
				GCC_WARN_UNUSED_FUNCTION = YES;
				GCC_WARN_UNUSED_VARIABLE = YES;
				IPHONEOS_DEPLOYMENT_TARGET = 13.0;
				MTL_ENABLE_DEBUG_INFO = INCLUDE_SOURCE;
				MTL_FAST_MATH = YES;
				ONLY_ACTIVE_ARCH = YES;
				SDKROOT = iphoneos;
				SWIFT_ACTIVE_COMPILATION_CONDITIONS = DEBUG;
				SWIFT_OPTIMIZATION_LEVEL = "-Onone";
			};
			name = Debug;
		};
		042CFE3E25F1620800F7CBED /* Release */ = {
			isa = XCBuildConfiguration;
			buildSettings = {
				ALWAYS_SEARCH_USER_PATHS = NO;
				CLANG_ANALYZER_NONNULL = YES;
				CLANG_ANALYZER_NUMBER_OBJECT_CONVERSION = YES_AGGRESSIVE;
				CLANG_CXX_LANGUAGE_STANDARD = "gnu++14";
				CLANG_CXX_LIBRARY = "libc++";
				CLANG_ENABLE_MODULES = YES;
				CLANG_ENABLE_OBJC_ARC = YES;
				CLANG_ENABLE_OBJC_WEAK = YES;
				CLANG_WARN_BLOCK_CAPTURE_AUTORELEASING = YES;
				CLANG_WARN_BOOL_CONVERSION = YES;
				CLANG_WARN_COMMA = YES;
				CLANG_WARN_CONSTANT_CONVERSION = YES;
				CLANG_WARN_DEPRECATED_OBJC_IMPLEMENTATIONS = YES;
				CLANG_WARN_DIRECT_OBJC_ISA_USAGE = YES_ERROR;
				CLANG_WARN_DOCUMENTATION_COMMENTS = YES;
				CLANG_WARN_EMPTY_BODY = YES;
				CLANG_WARN_ENUM_CONVERSION = YES;
				CLANG_WARN_INFINITE_RECURSION = YES;
				CLANG_WARN_INT_CONVERSION = YES;
				CLANG_WARN_NON_LITERAL_NULL_CONVERSION = YES;
				CLANG_WARN_OBJC_IMPLICIT_RETAIN_SELF = YES;
				CLANG_WARN_OBJC_LITERAL_CONVERSION = YES;
				CLANG_WARN_OBJC_ROOT_CLASS = YES_ERROR;
				CLANG_WARN_QUOTED_INCLUDE_IN_FRAMEWORK_HEADER = YES;
				CLANG_WARN_RANGE_LOOP_ANALYSIS = YES;
				CLANG_WARN_STRICT_PROTOTYPES = YES;
				CLANG_WARN_SUSPICIOUS_MOVE = YES;
				CLANG_WARN_UNGUARDED_AVAILABILITY = YES_AGGRESSIVE;
				CLANG_WARN_UNREACHABLE_CODE = YES;
				CLANG_WARN__DUPLICATE_METHOD_MATCH = YES;
				COPY_PHASE_STRIP = NO;
				DEBUG_INFORMATION_FORMAT = "dwarf-with-dsym";
				ENABLE_NS_ASSERTIONS = NO;
				ENABLE_STRICT_OBJC_MSGSEND = YES;
				GCC_C_LANGUAGE_STANDARD = gnu11;
				GCC_NO_COMMON_BLOCKS = YES;
				GCC_WARN_64_TO_32_BIT_CONVERSION = YES;
				GCC_WARN_ABOUT_RETURN_TYPE = YES_ERROR;
				GCC_WARN_UNDECLARED_SELECTOR = YES;
				GCC_WARN_UNINITIALIZED_AUTOS = YES_AGGRESSIVE;
				GCC_WARN_UNUSED_FUNCTION = YES;
				GCC_WARN_UNUSED_VARIABLE = YES;
				IPHONEOS_DEPLOYMENT_TARGET = 13.0;
				MTL_ENABLE_DEBUG_INFO = NO;
				MTL_FAST_MATH = YES;
				SDKROOT = iphoneos;
				SWIFT_COMPILATION_MODE = wholemodule;
				SWIFT_OPTIMIZATION_LEVEL = "-O";
				VALIDATE_PRODUCT = YES;
			};
			name = Release;
		};
		042CFE4025F1620800F7CBED /* Debug */ = {
			isa = XCBuildConfiguration;
			baseConfigurationReference = C31E70F20FE965EB6D88CBD3 /* Pods-IdentityExample.debug.xcconfig */;
			buildSettings = {
				ASSETCATALOG_COMPILER_APPICON_NAME = AppIcon;
				ASSETCATALOG_COMPILER_GLOBAL_ACCENT_COLOR_NAME = AccentColor;
				BUILD_LIBRARY_FOR_DISTRIBUTION = YES;
				CODE_SIGN_STYLE = Automatic;
				DEVELOPMENT_TEAM = 7J58C785PS;
				INFOPLIST_FILE = IdentityExample/Info.plist;
				IPHONEOS_DEPLOYMENT_TARGET = 13.0;
				LD_RUNPATH_SEARCH_PATHS = (
					"$(inherited)",
					"@executable_path/Frameworks",
				);
				PRODUCT_BUNDLE_IDENTIFIER = com.sybrin.IdentityExample;
				PRODUCT_NAME = "$(TARGET_NAME)";
				SWIFT_VERSION = 5.0;
				TARGETED_DEVICE_FAMILY = 1;
			};
			name = Debug;
		};
		042CFE4125F1620800F7CBED /* Release */ = {
			isa = XCBuildConfiguration;
			baseConfigurationReference = 531794E5AA2FCA24F367DDE2 /* Pods-IdentityExample.release.xcconfig */;
			buildSettings = {
				ASSETCATALOG_COMPILER_APPICON_NAME = AppIcon;
				ASSETCATALOG_COMPILER_GLOBAL_ACCENT_COLOR_NAME = AccentColor;
				BUILD_LIBRARY_FOR_DISTRIBUTION = YES;
				CODE_SIGN_STYLE = Automatic;
				DEVELOPMENT_TEAM = 7J58C785PS;
				INFOPLIST_FILE = IdentityExample/Info.plist;
				IPHONEOS_DEPLOYMENT_TARGET = 13.0;
				LD_RUNPATH_SEARCH_PATHS = (
					"$(inherited)",
					"@executable_path/Frameworks",
				);
				PRODUCT_BUNDLE_IDENTIFIER = com.sybrin.IdentityExample;
				PRODUCT_NAME = "$(TARGET_NAME)";
				SWIFT_VERSION = 5.0;
				TARGETED_DEVICE_FAMILY = 1;
			};
			name = Release;
		};
/* End XCBuildConfiguration section */

/* Begin XCConfigurationList section */
		042CFE2625F1620700F7CBED /* Build configuration list for PBXProject "IdentityExample" */ = {
			isa = XCConfigurationList;
			buildConfigurations = (
				042CFE3D25F1620800F7CBED /* Debug */,
				042CFE3E25F1620800F7CBED /* Release */,
			);
			defaultConfigurationIsVisible = 0;
			defaultConfigurationName = Release;
		};
		042CFE3F25F1620800F7CBED /* Build configuration list for PBXNativeTarget "IdentityExample" */ = {
			isa = XCConfigurationList;
			buildConfigurations = (
				042CFE4025F1620800F7CBED /* Debug */,
				042CFE4125F1620800F7CBED /* Release */,
			);
			defaultConfigurationIsVisible = 0;
			defaultConfigurationName = Release;
		};
/* End XCConfigurationList section */
	};
	rootObject = 042CFE2325F1620700F7CBED /* Project object */;
}
